
Microsoft Visual Studio Solution File, Format Version 12.00
# Visual Studio 15
VisualStudioVersion = 15.0.26730.15
MinimumVisualStudioVersion = 10.0.40219.1
Project("{FAE04EC0-301F-11D3-BF4B-00C04F79EFBC}") = "RestBankingService.Host", "RestBankingService.Host\RestBankingService.Host.csproj", "{ED24AFEE-65FF-4D2C-A106-C60E0849770F}"
EndProject
Project("{FAE04EC0-301F-11D3-BF4B-00C04F79EFBC}") = "RestBankingService.Contract", "RestBankingService.Contract\RestBankingService.Contract.csproj", "{2470E6F6-4427-4467-93CE-3C703C0F7084}"
EndProject
Project("{FAE04EC0-301F-11D3-BF4B-00C04F79EFBC}") = "RestBankingService.Implementation", "RestBankingService.Implementation\RestBankingService.Implementation.csproj", "{E0B1DE3E-B03D-4BFE-8A98-85826AE67C2A}"
EndProject
Project("{FAE04EC0-301F-11D3-BF4B-00C04F79EFBC}") = "RestBankingService.Test", "RestBankingService.Test\RestBankingService.Test.csproj", "{1C6207B5-318C-49C2-9294-12014F455BD4}"
EndProject
Global
	GlobalSection(SolutionConfigurationPlatforms) = preSolution
		Debug|Any CPU = Debug|Any CPU
		Release|Any CPU = Release|Any CPU
	EndGlobalSection
	GlobalSection(ProjectConfigurationPlatforms) = postSolution
		{ED24AFEE-65FF-4D2C-A106-C60E0849770F}.Debug|Any CPU.ActiveCfg = Debug|Any CPU
		{ED24AFEE-65FF-4D2C-A106-C60E0849770F}.Debug|Any CPU.Build.0 = Debug|Any CPU
		{ED24AFEE-65FF-4D2C-A106-C60E0849770F}.Release|Any CPU.ActiveCfg = Release|Any CPU
		{ED24AFEE-65FF-4D2C-A106-C60E0849770F}.Release|Any CPU.Build.0 = Release|Any CPU
		{2470E6F6-4427-4467-93CE-3C703C0F7084}.Debug|Any CPU.ActiveCfg = Debug|Any CPU
		{2470E6F6-4427-4467-93CE-3C703C0F7084}.Debug|Any CPU.Build.0 = Debug|Any CPU
		{2470E6F6-4427-4467-93CE-3C703C0F7084}.Release|Any CPU.ActiveCfg = Release|Any CPU
		{2470E6F6-4427-4467-93CE-3C703C0F7084}.Release|Any CPU.Build.0 = Release|Any CPU
		{E0B1DE3E-B03D-4BFE-8A98-85826AE67C2A}.Debug|Any CPU.ActiveCfg = Debug|Any CPU
		{E0B1DE3E-B03D-4BFE-8A98-85826AE67C2A}.Debug|Any CPU.Build.0 = Debug|Any CPU
		{E0B1DE3E-B03D-4BFE-8A98-85826AE67C2A}.Release|Any CPU.ActiveCfg = Release|Any CPU
		{E0B1DE3E-B03D-4BFE-8A98-85826AE67C2A}.Release|Any CPU.Build.0 = Release|Any CPU
		{1C6207B5-318C-49C2-9294-12014F455BD4}.Debug|Any CPU.ActiveCfg = Debug|Any CPU
		{1C6207B5-318C-49C2-9294-12014F455BD4}.Debug|Any CPU.Build.0 = Debug|Any CPU
		{1C6207B5-318C-49C2-9294-12014F455BD4}.Release|Any CPU.ActiveCfg = Release|Any CPU
		{1C6207B5-318C-49C2-9294-12014F455BD4}.Release|Any CPU.Build.0 = Release|Any CPU
	EndGlobalSection
	GlobalSection(SolutionProperties) = preSolution
		HideSolutionNode = FALSE
	EndGlobalSection
	GlobalSection(ExtensibilityGlobals) = postSolution
		SolutionGuid = {B24EB34B-CD64-43B5-B764-81512174C627}
	EndGlobalSection
EndGlobal
